
Microsoft Visual Studio Solution File, Format Version 12.00
# Visual Studio Version 17
VisualStudioVersion = 17.5.2.0
MinimumVisualStudioVersion = 10.0.40219.1
Project("{FAE04EC0-301F-11D3-BF4B-00C04F79EFBC}") = "StringParsing", "StringParsing\StringParsing.csproj", "{E0E531F8-1DA3-4C1E-A7D3-57A564C0CE02}"
EndProject
Project("{FAE04EC0-301F-11D3-BF4B-00C04F79EFBC}") = "CountDataTypes", "CountDataTypes\CountDataTypes.csproj", "{1B878190-42DB-46DC-BA5C-DEFAF85782D0}"
EndProject
Project("{FAE04EC0-301F-11D3-BF4B-00C04F79EFBC}") = "CountDataTypes.Tests", "CountDataTypes.Tests\CountDataTypes.Tests.csproj", "{14D86B6B-C8DD-41FD-9CFC-D934365C9B00}"
EndProject
Global
	GlobalSection(SolutionConfigurationPlatforms) = preSolution
		Debug|Any CPU = Debug|Any CPU
		Debug|x64 = Debug|x64
		Debug|x86 = Debug|x86
		Release|Any CPU = Release|Any CPU
		Release|x64 = Release|x64
		Release|x86 = Release|x86
	EndGlobalSection
	GlobalSection(ProjectConfigurationPlatforms) = postSolution
		{E0E531F8-1DA3-4C1E-A7D3-57A564C0CE02}.Debug|Any CPU.ActiveCfg = Debug|Any CPU
		{E0E531F8-1DA3-4C1E-A7D3-57A564C0CE02}.Debug|Any CPU.Build.0 = Debug|Any CPU
		{E0E531F8-1DA3-4C1E-A7D3-57A564C0CE02}.Debug|x64.ActiveCfg = Debug|Any CPU
		{E0E531F8-1DA3-4C1E-A7D3-57A564C0CE02}.Debug|x64.Build.0 = Debug|Any CPU
		{E0E531F8-1DA3-4C1E-A7D3-57A564C0CE02}.Debug|x86.ActiveCfg = Debug|Any CPU
		{E0E531F8-1DA3-4C1E-A7D3-57A564C0CE02}.Debug|x86.Build.0 = Debug|Any CPU
		{E0E531F8-1DA3-4C1E-A7D3-57A564C0CE02}.Release|Any CPU.ActiveCfg = Release|Any CPU
		{E0E531F8-1DA3-4C1E-A7D3-57A564C0CE02}.Release|Any CPU.Build.0 = Release|Any CPU
		{E0E531F8-1DA3-4C1E-A7D3-57A564C0CE02}.Release|x64.ActiveCfg = Release|Any CPU
		{E0E531F8-1DA3-4C1E-A7D3-57A564C0CE02}.Release|x64.Build.0 = Release|Any CPU
		{E0E531F8-1DA3-4C1E-A7D3-57A564C0CE02}.Release|x86.ActiveCfg = Release|Any CPU
		{E0E531F8-1DA3-4C1E-A7D3-57A564C0CE02}.Release|x86.Build.0 = Release|Any CPU
		{1B878190-42DB-46DC-BA5C-DEFAF85782D0}.Debug|Any CPU.ActiveCfg = Debug|Any CPU
		{1B878190-42DB-46DC-BA5C-DEFAF85782D0}.Debug|Any CPU.Build.0 = Debug|Any CPU
		{1B878190-42DB-46DC-BA5C-DEFAF85782D0}.Debug|x64.ActiveCfg = Debug|Any CPU
		{1B878190-42DB-46DC-BA5C-DEFAF85782D0}.Debug|x64.Build.0 = Debug|Any CPU
		{1B878190-42DB-46DC-BA5C-DEFAF85782D0}.Debug|x86.ActiveCfg = Debug|Any CPU
		{1B878190-42DB-46DC-BA5C-DEFAF85782D0}.Debug|x86.Build.0 = Debug|Any CPU
		{1B878190-42DB-46DC-BA5C-DEFAF85782D0}.Release|Any CPU.ActiveCfg = Release|Any CPU
		{1B878190-42DB-46DC-BA5C-DEFAF85782D0}.Release|Any CPU.Build.0 = Release|Any CPU
		{1B878190-42DB-46DC-BA5C-DEFAF85782D0}.Release|x64.ActiveCfg = Release|Any CPU
		{1B878190-42DB-46DC-BA5C-DEFAF85782D0}.Release|x64.Build.0 = Release|Any CPU
		{1B878190-42DB-46DC-BA5C-DEFAF85782D0}.Release|x86.ActiveCfg = Release|Any CPU
		{1B878190-42DB-46DC-BA5C-DEFAF85782D0}.Release|x86.Build.0 = Release|Any CPU
		{14D86B6B-C8DD-41FD-9CFC-D934365C9B00}.Debug|Any CPU.ActiveCfg = Debug|Any CPU
		{14D86B6B-C8DD-41FD-9CFC-D934365C9B00}.Debug|Any CPU.Build.0 = Debug|Any CPU
		{14D86B6B-C8DD-41FD-9CFC-D934365C9B00}.Debug|x64.ActiveCfg = Debug|Any CPU
		{14D86B6B-C8DD-41FD-9CFC-D934365C9B00}.Debug|x64.Build.0 = Debug|Any CPU
		{14D86B6B-C8DD-41FD-9CFC-D934365C9B00}.Debug|x86.ActiveCfg = Debug|Any CPU
		{14D86B6B-C8DD-41FD-9CFC-D934365C9B00}.Debug|x86.Build.0 = Debug|Any CPU
		{14D86B6B-C8DD-41FD-9CFC-D934365C9B00}.Release|Any CPU.ActiveCfg = Release|Any CPU
		{14D86B6B-C8DD-41FD-9CFC-D934365C9B00}.Release|Any CPU.Build.0 = Release|Any CPU
		{14D86B6B-C8DD-41FD-9CFC-D934365C9B00}.Release|x64.ActiveCfg = Release|Any CPU
		{14D86B6B-C8DD-41FD-9CFC-D934365C9B00}.Release|x64.Build.0 = Release|Any CPU
		{14D86B6B-C8DD-41FD-9CFC-D934365C9B00}.Release|x86.ActiveCfg = Release|Any CPU
		{14D86B6B-C8DD-41FD-9CFC-D934365C9B00}.Release|x86.Build.0 = Release|Any CPU
	EndGlobalSection
	GlobalSection(SolutionProperties) = preSolution
		HideSolutionNode = FALSE
	EndGlobalSection
	GlobalSection(ExtensibilityGlobals) = postSolution
		SolutionGuid = {E4716876-E02A-4D97-B18E-BAD30E738800}
	EndGlobalSection
EndGlobal
